
Microsoft Visual Studio Solution File, Format Version 12.00
# Visual Studio Version 17
VisualStudioVersion = 17.4.33103.184
MinimumVisualStudioVersion = 10.0.40219.1
Project("{FAE04EC0-301F-11D3-BF4B-00C04F79EFBC}") = "SvjetskoPrvenstvo", "SvjetskoPrvenstvo\SvjetskoPrvenstvo.csproj", "{6EC74BC3-BD33-4452-A6A4-B5C608EED913}"
EndProject
Global
	GlobalSection(SolutionConfigurationPlatforms) = preSolution
		Debug|Any CPU = Debug|Any CPU
		Release|Any CPU = Release|Any CPU
	EndGlobalSection
	GlobalSection(ProjectConfigurationPlatforms) = postSolution
		{6EC74BC3-BD33-4452-A6A4-B5C608EED913}.Debug|Any CPU.ActiveCfg = Debug|Any CPU
		{6EC74BC3-BD33-4452-A6A4-B5C608EED913}.Debug|Any CPU.Build.0 = Debug|Any CPU
		{6EC74BC3-BD33-4452-A6A4-B5C608EED913}.Release|Any CPU.ActiveCfg = Release|Any CPU
		{6EC74BC3-BD33-4452-A6A4-B5C608EED913}.Release|Any CPU.Build.0 = Release|Any CPU
	EndGlobalSection
	GlobalSection(SolutionProperties) = preSolution
		HideSolutionNode = FALSE
	EndGlobalSection
	GlobalSection(ExtensibilityGlobals) = postSolution
		SolutionGuid = {DA8DC0EA-1BCE-49CC-A4C6-82A43FB4FFCC}
	EndGlobalSection
EndGlobal
